{
  "name": "libsql-js-test",
  "version": "1.0.0",
  "lockfileVersion": 3,
  "requires": true,
  "packages": {
    "": {
      "name": "libsql-js-test",
      "version": "1.0.0",
      "license": "ISC",
      "dependencies": {
        "libsql": "^0.3.18"
      }
    },
    "node_modules/@libsql/darwin-arm64": {
      "version": "0.3.18",
      "resolved": "https://registry.npmjs.org/@libsql/darwin-arm64/-/darwin-arm64-0.3.18.tgz",
      "integrity": "sha512-Zt49dt+cwhPCkuoWgvjbQd4ckNfCJR5xzIAyhgHl3CBZqZaEuaXTOGKLNQT7bnFRPuQcdLt5PBT1cenKu2N6pA==",
      "cpu": [
        "arm64"
      ],
      "optional": true,
      "os": [
        "darwin"
      ]
    },
    "node_modules/@libsql/darwin-x64": {
      "version": "0.3.18",
      "resolved": "https://registry.npmjs.org/@libsql/darwin-x64/-/darwin-x64-0.3.18.tgz",
      "integrity": "sha512-faq6HUGDaNaueeqPei5cypHaD/hhazUyfHo094CXiEeRZq6ZKtNl5PHdlr8jE/Uw8USNpVVQaLdnvSgKcpRPHw==",
      "cpu": [
        "x64"
      ],
      "optional": true,
      "os": [
        "darwin"
      ]
    },
    "node_modules/@libsql/linux-arm64-gnu": {
      "version": "0.3.18",
      "resolved": "https://registry.npmjs.org/@libsql/linux-arm64-gnu/-/linux-arm64-gnu-0.3.18.tgz",
      "integrity": "sha512-5m9xtDAhoyLSV54tho9uQ2ZIDeJWc0vU3Xpe/VK4+6bpURISs23qNhXiCrZnnq3oV0hFlBfcIgQUIATmb6jD2A==",
      "cpu": [
        "arm64"
      ],
      "optional": true,
      "os": [
        "linux"
      ]
    },
    "node_modules/@libsql/linux-arm64-musl": {
      "version": "0.3.18",
      "resolved": "https://registry.npmjs.org/@libsql/linux-arm64-musl/-/linux-arm64-musl-0.3.18.tgz",
      "integrity": "sha512-oYD5+oM2gPEalp+EoR5DVQBRtdGjLsocjsRbQs5O2m4WOBJKER7VUfDYZHsifLGZoBSc11Yo6s9IR9rjGWy20w==",
      "cpu": [
        "arm64"
      ],
      "optional": true,
      "os": [
        "linux"
      ]
    },
    "node_modules/@libsql/linux-x64-gnu": {
      "version": "0.3.18",
      "resolved": "https://registry.npmjs.org/@libsql/linux-x64-gnu/-/linux-x64-gnu-0.3.18.tgz",
      "integrity": "sha512-QDSSP60nS8KIldGE7H3bpEflQHiL1erwED6huoVJdmDFxsyDJX2CYdWUWW8Za0ZUOvUbnEWAOyMhp6j1dBbZqw==",
      "cpu": [
        "x64"
      ],
      "optional": true,
      "os": [
        "linux"
      ]
    },
    "node_modules/@libsql/linux-x64-musl": {
      "version": "0.3.18",
      "resolved": "https://registry.npmjs.org/@libsql/linux-x64-musl/-/linux-x64-musl-0.3.18.tgz",
      "integrity": "sha512-5SXwTlaLCUPzxYyq+P0c7Ko7tcEjpd1X6RZKe1DuRFmJPg6f7j2+LrPEhMSIbqKcrl5ACUUAyoKmGZqNYwz23w==",
      "cpu": [
        "x64"
      ],
      "optional": true,
      "os": [
        "linux"
      ]
    },
    "node_modules/@libsql/win32-x64-msvc": {
      "version": "0.3.18",
      "resolved": "https://registry.npmjs.org/@libsql/win32-x64-msvc/-/win32-x64-msvc-0.3.18.tgz",
      "integrity": "sha512-9EEIHz+e8tTbx9TMkb8ByZnzxc0pYFirK1nSbqC6cFEST95fiY0NCfQ/zAzJxe90KckbjifX6BbO69eWIi3TAg==",
      "cpu": [
        "x64"
      ],
      "optional": true,
      "os": [
        "win32"
      ]
    },
    "node_modules/@neon-rs/load": {
      "version": "0.0.4",
      "resolved": "https://registry.npmjs.org/@neon-rs/load/-/load-0.0.4.tgz",
      "integrity": "sha512-kTPhdZyTQxB+2wpiRcFWrDcejc4JI6tkPuS7UZCG4l6Zvc5kU/gGQ/ozvHTh1XR5tS+UlfAfGuPajjzQjCiHCw=="
    },
    "node_modules/detect-libc": {
      "version": "2.0.2",
      "resolved": "https://registry.npmjs.org/detect-libc/-/detect-libc-2.0.2.tgz",
      "integrity": "sha512-UX6sGumvvqSaXgdKGUsgZWqcUyIXZ/vZTrlRT/iobiKhGL0zL4d3osHj3uqllWJK+i+sixDS/3COVEOFbupFyw==",
      "engines": {
        "node": ">=8"
      }
    },
    "node_modules/libsql": {
      "version": "0.3.18",
      "resolved": "https://registry.npmjs.org/libsql/-/libsql-0.3.18.tgz",
      "integrity": "sha512-lvhKr7WV3NLWRbXkjn/MeKqXOAqWKU0PX9QYrvDh7fneukapj+iUQ4qgJASrQyxcCrEsClXCQiiK5W6OoYPAlA==",
      "cpu": [
        "x64",
        "arm64",
        "wasm32"
      ],
      "os": [
        "darwin",
        "linux",
        "win32"
      ],
      "dependencies": {
        "@neon-rs/load": "^0.0.4",
        "detect-libc": "2.0.2",
        "libsql": "^0.3.15"
      },
      "optionalDependencies": {
        "@libsql/darwin-arm64": "0.3.18",
        "@libsql/darwin-x64": "0.3.18",
        "@libsql/linux-arm64-gnu": "0.3.18",
        "@libsql/linux-arm64-musl": "0.3.18",
        "@libsql/linux-x64-gnu": "0.3.18",
        "@libsql/linux-x64-musl": "0.3.18",
        "@libsql/win32-x64-msvc": "0.3.18"
      }
    }
  }
}
